// !$*UTF8*$!
{
	archiveVersion = 1;
	classes = {
	};
	objectVersion = 55;
	objects = {

/* Begin PBXBuildFile section */
		3F3551B0298E3C85005CA260 /* AppDelegate.swift in Sources */ = {isa = PBXBuildFile; fileRef = 3F3551AF298E3C85005CA260 /* AppDelegate.swift */; };
		3F3551B2298E3C85005CA260 /* SceneDelegate.swift in Sources */ = {isa = PBXBuildFile; fileRef = 3F3551B1298E3C85005CA260 /* SceneDelegate.swift */; };
		3F3551B4298E3C85005CA260 /* ViewController.swift in Sources */ = {isa = PBXBuildFile; fileRef = 3F3551B3298E3C85005CA260 /* ViewController.swift */; };
		3F3551B9298E3C88005CA260 /* Assets.xcassets in Resources */ = {isa = PBXBuildFile; fileRef = 3F3551B8298E3C88005CA260 /* Assets.xcassets */; };
		3F3551C7298E3C88005CA260 /* PlateMateTests.swift in Sources */ = {isa = PBXBuildFile; fileRef = 3F3551C6298E3C88005CA260 /* PlateMateTests.swift */; };
		3F3551D1298E3C88005CA260 /* PlateMateUITests.swift in Sources */ = {isa = PBXBuildFile; fileRef = 3F3551D0298E3C88005CA260 /* PlateMateUITests.swift */; };
		3F3551D3298E3C88005CA260 /* PlateMateUITestsLaunchTests.swift in Sources */ = {isa = PBXBuildFile; fileRef = 3F3551D2298E3C88005CA260 /* PlateMateUITestsLaunchTests.swift */; };
		3F3551E1298E3F44005CA260 /* SearchViewController.swift in Sources */ = {isa = PBXBuildFile; fileRef = 3F3551E0298E3F44005CA260 /* SearchViewController.swift */; };
		3F3551E3298E3F6B005CA260 /* ShoppingListViewController.swift in Sources */ = {isa = PBXBuildFile; fileRef = 3F3551E2298E3F6B005CA260 /* ShoppingListViewController.swift */; };
		3F3551E5298E3F94005CA260 /* RecipesViewController.swift in Sources */ = {isa = PBXBuildFile; fileRef = 3F3551E4298E3F94005CA260 /* RecipesViewController.swift */; };
		3F3551E9298E4CC9005CA260 /* Main.storyboard in Resources */ = {isa = PBXBuildFile; fileRef = 3F3551E8298E4CC9005CA260 /* Main.storyboard */; };
/* End PBXBuildFile section */

/* Begin PBXContainerItemProxy section */
		3F3551C3298E3C88005CA260 /* PBXContainerItemProxy */ = {
			isa = PBXContainerItemProxy;
			containerPortal = 3F3551A4298E3C85005CA260 /* Project object */;
			proxyType = 1;
			remoteGlobalIDString = 3F3551AB298E3C85005CA260;
			remoteInfo = PlateMate;
		};
		3F3551CD298E3C88005CA260 /* PBXContainerItemProxy */ = {
			isa = PBXContainerItemProxy;
			containerPortal = 3F3551A4298E3C85005CA260 /* Project object */;
			proxyType = 1;
			remoteGlobalIDString = 3F3551AB298E3C85005CA260;
			remoteInfo = PlateMate;
		};
/* End PBXContainerItemProxy section */

/* Begin PBXFileReference section */
		3F3551AC298E3C85005CA260 /* PlateMate.app */ = {isa = PBXFileReference; explicitFileType = wrapper.application; includeInIndex = 0; path = PlateMate.app; sourceTree = BUILT_PRODUCTS_DIR; };
		3F3551AF298E3C85005CA260 /* AppDelegate.swift */ = {isa = PBXFileReference; lastKnownFileType = sourcecode.swift; path = AppDelegate.swift; sourceTree = "<group>"; };
		3F3551B1298E3C85005CA260 /* SceneDelegate.swift */ = {isa = PBXFileReference; lastKnownFileType = sourcecode.swift; path = SceneDelegate.swift; sourceTree = "<group>"; };
		3F3551B3298E3C85005CA260 /* ViewController.swift */ = {isa = PBXFileReference; lastKnownFileType = sourcecode.swift; path = ViewController.swift; sourceTree = "<group>"; };
		3F3551B8298E3C88005CA260 /* Assets.xcassets */ = {isa = PBXFileReference; lastKnownFileType = folder.assetcatalog; path = Assets.xcassets; sourceTree = "<group>"; };
		3F3551BD298E3C88005CA260 /* Info.plist */ = {isa = PBXFileReference; lastKnownFileType = text.plist.xml; path = Info.plist; sourceTree = "<group>"; };
		3F3551C2298E3C88005CA260 /* PlateMateTests.xctest */ = {isa = PBXFileReference; explicitFileType = wrapper.cfbundle; includeInIndex = 0; path = PlateMateTests.xctest; sourceTree = BUILT_PRODUCTS_DIR; };
		3F3551C6298E3C88005CA260 /* PlateMateTests.swift */ = {isa = PBXFileReference; lastKnownFileType = sourcecode.swift; path = PlateMateTests.swift; sourceTree = "<group>"; };
		3F3551CC298E3C88005CA260 /* PlateMateUITests.xctest */ = {isa = PBXFileReference; explicitFileType = wrapper.cfbundle; includeInIndex = 0; path = PlateMateUITests.xctest; sourceTree = BUILT_PRODUCTS_DIR; };
		3F3551D0298E3C88005CA260 /* PlateMateUITests.swift */ = {isa = PBXFileReference; lastKnownFileType = sourcecode.swift; path = PlateMateUITests.swift; sourceTree = "<group>"; };
		3F3551D2298E3C88005CA260 /* PlateMateUITestsLaunchTests.swift */ = {isa = PBXFileReference; lastKnownFileType = sourcecode.swift; path = PlateMateUITestsLaunchTests.swift; sourceTree = "<group>"; };
		3F3551E0298E3F44005CA260 /* SearchViewController.swift */ = {isa = PBXFileReference; lastKnownFileType = sourcecode.swift; path = SearchViewController.swift; sourceTree = "<group>"; };
		3F3551E2298E3F6B005CA260 /* ShoppingListViewController.swift */ = {isa = PBXFileReference; lastKnownFileType = sourcecode.swift; path = ShoppingListViewController.swift; sourceTree = "<group>"; };
		3F3551E4298E3F94005CA260 /* RecipesViewController.swift */ = {isa = PBXFileReference; lastKnownFileType = sourcecode.swift; path = RecipesViewController.swift; sourceTree = "<group>"; };
		3F3551E8298E4CC9005CA260 /* Main.storyboard */ = {isa = PBXFileReference; lastKnownFileType = file.storyboard; path = Main.storyboard; sourceTree = "<group>"; };
/* End PBXFileReference section */

/* Begin PBXFrameworksBuildPhase section */
		3F3551A9298E3C85005CA260 /* Frameworks */ = {
			isa = PBXFrameworksBuildPhase;
			buildActionMask = 2147483647;
			files = (
			);
			runOnlyForDeploymentPostprocessing = 0;
		};
		3F3551BF298E3C88005CA260 /* Frameworks */ = {
			isa = PBXFrameworksBuildPhase;
			buildActionMask = 2147483647;
			files = (
			);
			runOnlyForDeploymentPostprocessing = 0;
		};
		3F3551C9298E3C88005CA260 /* Frameworks */ = {
			isa = PBXFrameworksBuildPhase;
			buildActionMask = 2147483647;
			files = (
			);
			runOnlyForDeploymentPostprocessing = 0;
		};
/* End PBXFrameworksBuildPhase section */

/* Begin PBXGroup section */
		3F3551A3298E3C85005CA260 = {
			isa = PBXGroup;
			children = (
				3F3551AE298E3C85005CA260 /* PlateMate */,
				3F3551C5298E3C88005CA260 /* PlateMateTests */,
				3F3551CF298E3C88005CA260 /* PlateMateUITests */,
				3F3551AD298E3C85005CA260 /* Products */,
			);
			sourceTree = "<group>";
		};
		3F3551AD298E3C85005CA260 /* Products */ = {
			isa = PBXGroup;
			children = (
				3F3551AC298E3C85005CA260 /* PlateMate.app */,
				3F3551C2298E3C88005CA260 /* PlateMateTests.xctest */,
				3F3551CC298E3C88005CA260 /* PlateMateUITests.xctest */,
			);
			name = Products;
			sourceTree = "<group>";
		};
		3F3551AE298E3C85005CA260 /* PlateMate */ = {
			isa = PBXGroup;
			children = (
				3F3551E7298E3FB1005CA260 /* Networks */,
				3F3551E6298E3FAC005CA260 /* Models */,
				3F3551DF298E3F32005CA260 /* ViewControllers */,
				3F3551AF298E3C85005CA260 /* AppDelegate.swift */,
				3F3551B1298E3C85005CA260 /* SceneDelegate.swift */,
				3F3551B3298E3C85005CA260 /* ViewController.swift */,
				3F3551E8298E4CC9005CA260 /* Main.storyboard */,
				3F3551B8298E3C88005CA260 /* Assets.xcassets */,
				3F3551BD298E3C88005CA260 /* Info.plist */,
			);
			path = PlateMate;
			sourceTree = "<group>";
		};
		3F3551C5298E3C88005CA260 /* PlateMateTests */ = {
			isa = PBXGroup;
			children = (
				3F3551C6298E3C88005CA260 /* PlateMateTests.swift */,
			);
			path = PlateMateTests;
			sourceTree = "<group>";
		};
		3F3551CF298E3C88005CA260 /* PlateMateUITests */ = {
			isa = PBXGroup;
			children = (
				3F3551D0298E3C88005CA260 /* PlateMateUITests.swift */,
				3F3551D2298E3C88005CA260 /* PlateMateUITestsLaunchTests.swift */,
			);
			path = PlateMateUITests;
			sourceTree = "<group>";
		};
		3F3551DF298E3F32005CA260 /* ViewControllers */ = {
			isa = PBXGroup;
			children = (
				3F3551E0298E3F44005CA260 /* SearchViewController.swift */,
				3F3551E2298E3F6B005CA260 /* ShoppingListViewController.swift */,
				3F3551E4298E3F94005CA260 /* RecipesViewController.swift */,
			);
			path = ViewControllers;
			sourceTree = "<group>";
		};
		3F3551E6298E3FAC005CA260 /* Models */ = {
			isa = PBXGroup;
			children = (
			);
			path = Models;
			sourceTree = "<group>";
		};
		3F3551E7298E3FB1005CA260 /* Networks */ = {
			isa = PBXGroup;
			children = (
			);
			path = Networks;
			sourceTree = "<group>";
		};
/* End PBXGroup section */

/* Begin PBXNativeTarget section */
		3F3551AB298E3C85005CA260 /* PlateMate */ = {
			isa = PBXNativeTarget;
			buildConfigurationList = 3F3551D6298E3C88005CA260 /* Build configuration list for PBXNativeTarget "PlateMate" */;
			buildPhases = (
				3F3551A8298E3C85005CA260 /* Sources */,
				3F3551A9298E3C85005CA260 /* Frameworks */,
				3F3551AA298E3C85005CA260 /* Resources */,
			);
			buildRules = (
			);
			dependencies = (
			);
			name = PlateMate;
			productName = PlateMate;
			productReference = 3F3551AC298E3C85005CA260 /* PlateMate.app */;
			productType = "com.apple.product-type.application";
		};
		3F3551C1298E3C88005CA260 /* PlateMateTests */ = {
			isa = PBXNativeTarget;
			buildConfigurationList = 3F3551D9298E3C88005CA260 /* Build configuration list for PBXNativeTarget "PlateMateTests" */;
			buildPhases = (
				3F3551BE298E3C88005CA260 /* Sources */,
				3F3551BF298E3C88005CA260 /* Frameworks */,
				3F3551C0298E3C88005CA260 /* Resources */,
			);
			buildRules = (
			);
			dependencies = (
				3F3551C4298E3C88005CA260 /* PBXTargetDependency */,
			);
			name = PlateMateTests;
			productName = PlateMateTests;
			productReference = 3F3551C2298E3C88005CA260 /* PlateMateTests.xctest */;
			productType = "com.apple.product-type.bundle.unit-test";
		};
		3F3551CB298E3C88005CA260 /* PlateMateUITests */ = {
			isa = PBXNativeTarget;
			buildConfigurationList = 3F3551DC298E3C88005CA260 /* Build configuration list for PBXNativeTarget "PlateMateUITests" */;
			buildPhases = (
				3F3551C8298E3C88005CA260 /* Sources */,
				3F3551C9298E3C88005CA260 /* Frameworks */,
				3F3551CA298E3C88005CA260 /* Resources */,
			);
			buildRules = (
			);
			dependencies = (
				3F3551CE298E3C88005CA260 /* PBXTargetDependency */,
			);
			name = PlateMateUITests;
			productName = PlateMateUITests;
			productReference = 3F3551CC298E3C88005CA260 /* PlateMateUITests.xctest */;
			productType = "com.apple.product-type.bundle.ui-testing";
		};
/* End PBXNativeTarget section */

/* Begin PBXProject section */
		3F3551A4298E3C85005CA260 /* Project object */ = {
			isa = PBXProject;
			attributes = {
				BuildIndependentTargetsInParallel = 1;
				LastSwiftUpdateCheck = 1330;
				LastUpgradeCheck = 1330;
				TargetAttributes = {
					3F3551AB298E3C85005CA260 = {
						CreatedOnToolsVersion = 13.3;
					};
					3F3551C1298E3C88005CA260 = {
						CreatedOnToolsVersion = 13.3;
						TestTargetID = 3F3551AB298E3C85005CA260;
					};
					3F3551CB298E3C88005CA260 = {
						CreatedOnToolsVersion = 13.3;
						TestTargetID = 3F3551AB298E3C85005CA260;
					};
				};
			};
			buildConfigurationList = 3F3551A7298E3C85005CA260 /* Build configuration list for PBXProject "PlateMate" */;
			compatibilityVersion = "Xcode 13.0";
			developmentRegion = en;
			hasScannedForEncodings = 0;
			knownRegions = (
				en,
				Base,
			);
			mainGroup = 3F3551A3298E3C85005CA260;
			productRefGroup = 3F3551AD298E3C85005CA260 /* Products */;
			projectDirPath = "";
			projectRoot = "";
			targets = (
				3F3551AB298E3C85005CA260 /* PlateMate */,
				3F3551C1298E3C88005CA260 /* PlateMateTests */,
				3F3551CB298E3C88005CA260 /* PlateMateUITests */,
			);
		};
/* End PBXProject section */

/* Begin PBXResourcesBuildPhase section */
		3F3551AA298E3C85005CA260 /* Resources */ = {
			isa = PBXResourcesBuildPhase;
			buildActionMask = 2147483647;
			files = (
				3F3551B9298E3C88005CA260 /* Assets.xcassets in Resources */,
				3F3551E9298E4CC9005CA260 /* Main.storyboard in Resources */,
			);
			runOnlyForDeploymentPostprocessing = 0;
		};
		3F3551C0298E3C88005CA260 /* Resources */ = {
			isa = PBXResourcesBuildPhase;
			buildActionMask = 2147483647;
			files = (
			);
			runOnlyForDeploymentPostprocessing = 0;
		};
		3F3551CA298E3C88005CA260 /* Resources */ = {
			isa = PBXResourcesBuildPhase;
			buildActionMask = 2147483647;
			files = (
			);
			runOnlyForDeploymentPostprocessing = 0;
		};
/* End PBXResourcesBuildPhase section */

/* Begin PBXSourcesBuildPhase section */
		3F3551A8298E3C85005CA260 /* Sources */ = {
			isa = PBXSourcesBuildPhase;
			buildActionMask = 2147483647;
			files = (
				3F3551B4298E3C85005CA260 /* ViewController.swift in Sources */,
				3F3551B0298E3C85005CA260 /* AppDelegate.swift in Sources */,
				3F3551E3298E3F6B005CA260 /* ShoppingListViewController.swift in Sources */,
				3F3551E1298E3F44005CA260 /* SearchViewController.swift in Sources */,
				3F3551E5298E3F94005CA260 /* RecipesViewController.swift in Sources */,
				3F3551B2298E3C85005CA260 /* SceneDelegate.swift in Sources */,
			);
			runOnlyForDeploymentPostprocessing = 0;
		};
		3F3551BE298E3C88005CA260 /* Sources */ = {
			isa = PBXSourcesBuildPhase;
			buildActionMask = 2147483647;
			files = (
				3F3551C7298E3C88005CA260 /* PlateMateTests.swift in Sources */,
			);
			runOnlyForDeploymentPostprocessing = 0;
		};
		3F3551C8298E3C88005CA260 /* Sources */ = {
			isa = PBXSourcesBuildPhase;
			buildActionMask = 2147483647;
			files = (
				3F3551D3298E3C88005CA260 /* PlateMateUITestsLaunchTests.swift in Sources */,
				3F3551D1298E3C88005CA260 /* PlateMateUITests.swift in Sources */,
			);
			runOnlyForDeploymentPostprocessing = 0;
		};
/* End PBXSourcesBuildPhase section */

/* Begin PBXTargetDependency section */
		3F3551C4298E3C88005CA260 /* PBXTargetDependency */ = {
			isa = PBXTargetDependency;
			target = 3F3551AB298E3C85005CA260 /* PlateMate */;
			targetProxy = 3F3551C3298E3C88005CA260 /* PBXContainerItemProxy */;
		};
		3F3551CE298E3C88005CA260 /* PBXTargetDependency */ = {
			isa = PBXTargetDependency;
			target = 3F3551AB298E3C85005CA260 /* PlateMate */;
			targetProxy = 3F3551CD298E3C88005CA260 /* PBXContainerItemProxy */;
		};
/* End PBXTargetDependency section */

/* Begin XCBuildConfiguration section */
		3F3551D4298E3C88005CA260 /* Debug */ = {
			isa = XCBuildConfiguration;
			buildSettings = {
				ALWAYS_SEARCH_USER_PATHS = NO;
				CLANG_ANALYZER_NONNULL = YES;
				CLANG_ANALYZER_NUMBER_OBJECT_CONVERSION = YES_AGGRESSIVE;
				CLANG_CXX_LANGUAGE_STANDARD = "gnu++17";
				CLANG_ENABLE_MODULES = YES;
				CLANG_ENABLE_OBJC_ARC = YES;
				CLANG_ENABLE_OBJC_WEAK = YES;
				CLANG_WARN_BLOCK_CAPTURE_AUTORELEASING = YES;
				CLANG_WARN_BOOL_CONVERSION = YES;
				CLANG_WARN_COMMA = YES;
				CLANG_WARN_CONSTANT_CONVERSION = YES;
				CLANG_WARN_DEPRECATED_OBJC_IMPLEMENTATIONS = YES;
				CLANG_WARN_DIRECT_OBJC_ISA_USAGE = YES_ERROR;
				CLANG_WARN_DOCUMENTATION_COMMENTS = YES;
				CLANG_WARN_EMPTY_BODY = YES;
				CLANG_WARN_ENUM_CONVERSION = YES;
				CLANG_WARN_INFINITE_RECURSION = YES;
				CLANG_WARN_INT_CONVERSION = YES;
				CLANG_WARN_NON_LITERAL_NULL_CONVERSION = YES;
				CLANG_WARN_OBJC_IMPLICIT_RETAIN_SELF = YES;
				CLANG_WARN_OBJC_LITERAL_CONVERSION = YES;
				CLANG_WARN_OBJC_ROOT_CLASS = YES_ERROR;
				CLANG_WARN_QUOTED_INCLUDE_IN_FRAMEWORK_HEADER = YES;
				CLANG_WARN_RANGE_LOOP_ANALYSIS = YES;
				CLANG_WARN_STRICT_PROTOTYPES = YES;
				CLANG_WARN_SUSPICIOUS_MOVE = YES;
				CLANG_WARN_UNGUARDED_AVAILABILITY = YES_AGGRESSIVE;
				CLANG_WARN_UNREACHABLE_CODE = YES;
				CLANG_WARN__DUPLICATE_METHOD_MATCH = YES;
				COPY_PHASE_STRIP = NO;
				DEBUG_INFORMATION_FORMAT = dwarf;
				ENABLE_STRICT_OBJC_MSGSEND = YES;
				ENABLE_TESTABILITY = YES;
				GCC_C_LANGUAGE_STANDARD = gnu11;
				GCC_DYNAMIC_NO_PIC = NO;
				GCC_NO_COMMON_BLOCKS = YES;
				GCC_OPTIMIZATION_LEVEL = 0;
				GCC_PREPROCESSOR_DEFINITIONS = (
					"DEBUG=1",
					"$(inherited)",
				);
				GCC_WARN_64_TO_32_BIT_CONVERSION = YES;
				GCC_WARN_ABOUT_RETURN_TYPE = YES_ERROR;
				GCC_WARN_UNDECLARED_SELECTOR = YES;
				GCC_WARN_UNINITIALIZED_AUTOS = YES_AGGRESSIVE;
				GCC_WARN_UNUSED_FUNCTION = YES;
				GCC_WARN_UNUSED_VARIABLE = YES;
				IPHONEOS_DEPLOYMENT_TARGET = 15.4;
				MTL_ENABLE_DEBUG_INFO = INCLUDE_SOURCE;
				MTL_FAST_MATH = YES;
				ONLY_ACTIVE_ARCH = YES;
				SDKROOT = iphoneos;
				SWIFT_ACTIVE_COMPILATION_CONDITIONS = DEBUG;
				SWIFT_OPTIMIZATION_LEVEL = "-Onone";
			};
			name = Debug;
		};
		3F3551D5298E3C88005CA260 /* Release */ = {
			isa = XCBuildConfiguration;
			buildSettings = {
				ALWAYS_SEARCH_USER_PATHS = NO;
				CLANG_ANALYZER_NONNULL = YES;
				CLANG_ANALYZER_NUMBER_OBJECT_CONVERSION = YES_AGGRESSIVE;
				CLANG_CXX_LANGUAGE_STANDARD = "gnu++17";
				CLANG_ENABLE_MODULES = YES;
				CLANG_ENABLE_OBJC_ARC = YES;
				CLANG_ENABLE_OBJC_WEAK = YES;
				CLANG_WARN_BLOCK_CAPTURE_AUTORELEASING = YES;
				CLANG_WARN_BOOL_CONVERSION = YES;
				CLANG_WARN_COMMA = YES;
				CLANG_WARN_CONSTANT_CONVERSION = YES;
				CLANG_WARN_DEPRECATED_OBJC_IMPLEMENTATIONS = YES;
				CLANG_WARN_DIRECT_OBJC_ISA_USAGE = YES_ERROR;
				CLANG_WARN_DOCUMENTATION_COMMENTS = YES;
				CLANG_WARN_EMPTY_BODY = YES;
				CLANG_WARN_ENUM_CONVERSION = YES;
				CLANG_WARN_INFINITE_RECURSION = YES;
				CLANG_WARN_INT_CONVERSION = YES;
				CLANG_WARN_NON_LITERAL_NULL_CONVERSION = YES;
				CLANG_WARN_OBJC_IMPLICIT_RETAIN_SELF = YES;
				CLANG_WARN_OBJC_LITERAL_CONVERSION = YES;
				CLANG_WARN_OBJC_ROOT_CLASS = YES_ERROR;
				CLANG_WARN_QUOTED_INCLUDE_IN_FRAMEWORK_HEADER = YES;
				CLANG_WARN_RANGE_LOOP_ANALYSIS = YES;
				CLANG_WARN_STRICT_PROTOTYPES = YES;
				CLANG_WARN_SUSPICIOUS_MOVE = YES;
				CLANG_WARN_UNGUARDED_AVAILABILITY = YES_AGGRESSIVE;
				CLANG_WARN_UNREACHABLE_CODE = YES;
				CLANG_WARN__DUPLICATE_METHOD_MATCH = YES;
				COPY_PHASE_STRIP = NO;
				DEBUG_INFORMATION_FORMAT = "dwarf-with-dsym";
				ENABLE_NS_ASSERTIONS = NO;
				ENABLE_STRICT_OBJC_MSGSEND = YES;
				GCC_C_LANGUAGE_STANDARD = gnu11;
				GCC_NO_COMMON_BLOCKS = YES;
				GCC_WARN_64_TO_32_BIT_CONVERSION = YES;
				GCC_WARN_ABOUT_RETURN_TYPE = YES_ERROR;
				GCC_WARN_UNDECLARED_SELECTOR = YES;
				GCC_WARN_UNINITIALIZED_AUTOS = YES_AGGRESSIVE;
				GCC_WARN_UNUSED_FUNCTION = YES;
				GCC_WARN_UNUSED_VARIABLE = YES;
				IPHONEOS_DEPLOYMENT_TARGET = 15.4;
				MTL_ENABLE_DEBUG_INFO = NO;
				MTL_FAST_MATH = YES;
				SDKROOT = iphoneos;
				SWIFT_COMPILATION_MODE = wholemodule;
				SWIFT_OPTIMIZATION_LEVEL = "-O";
				VALIDATE_PRODUCT = YES;
			};
			name = Release;
		};
		3F3551D7298E3C88005CA260 /* Debug */ = {
			isa = XCBuildConfiguration;
			buildSettings = {
				ASSETCATALOG_COMPILER_APPICON_NAME = AppIcon;
				ASSETCATALOG_COMPILER_GLOBAL_ACCENT_COLOR_NAME = AccentColor;
				CODE_SIGN_STYLE = Automatic;
				CURRENT_PROJECT_VERSION = 1;
				GENERATE_INFOPLIST_FILE = YES;
				INFOPLIST_FILE = PlateMate/Info.plist;
				INFOPLIST_KEY_UIApplicationSupportsIndirectInputEvents = YES;
				INFOPLIST_KEY_UILaunchStoryboardName = LaunchScreen;
				INFOPLIST_KEY_UIMainStoryboardFile = Main;
				INFOPLIST_KEY_UISupportedInterfaceOrientations_iPad = "UIInterfaceOrientationPortrait UIInterfaceOrientationPortraitUpsideDown UIInterfaceOrientationLandscapeLeft UIInterfaceOrientationLandscapeRight";
				INFOPLIST_KEY_UISupportedInterfaceOrientations_iPhone = "UIInterfaceOrientationPortrait UIInterfaceOrientationLandscapeLeft UIInterfaceOrientationLandscapeRight";
				LD_RUNPATH_SEARCH_PATHS = (
					"$(inherited)",
					"@executable_path/Frameworks",
				);
				MARKETING_VERSION = 1.0;
				PRODUCT_BUNDLE_IDENTIFIER = "-.PlateMate";
				PRODUCT_NAME = "$(TARGET_NAME)";
				SWIFT_EMIT_LOC_STRINGS = YES;
				SWIFT_VERSION = 5.0;
				TARGETED_DEVICE_FAMILY = "1,2";
			};
			name = Debug;
		};
		3F3551D8298E3C88005CA260 /* Release */ = {
			isa = XCBuildConfiguration;
			buildSettings = {
				ASSETCATALOG_COMPILER_APPICON_NAME = AppIcon;
				ASSETCATALOG_COMPILER_GLOBAL_ACCENT_COLOR_NAME = AccentColor;
				CODE_SIGN_STYLE = Automatic;
				CURRENT_PROJECT_VERSION = 1;
				GENERATE_INFOPLIST_FILE = YES;
				INFOPLIST_FILE = PlateMate/Info.plist;
				INFOPLIST_KEY_UIApplicationSupportsIndirectInputEvents = YES;
				INFOPLIST_KEY_UILaunchStoryboardName = LaunchScreen;
				INFOPLIST_KEY_UIMainStoryboardFile = Main;
				INFOPLIST_KEY_UISupportedInterfaceOrientations_iPad = "UIInterfaceOrientationPortrait UIInterfaceOrientationPortraitUpsideDown UIInterfaceOrientationLandscapeLeft UIInterfaceOrientationLandscapeRight";
				INFOPLIST_KEY_UISupportedInterfaceOrientations_iPhone = "UIInterfaceOrientationPortrait UIInterfaceOrientationLandscapeLeft UIInterfaceOrientationLandscapeRight";
				LD_RUNPATH_SEARCH_PATHS = (
					"$(inherited)",
					"@executable_path/Frameworks",
				);
				MARKETING_VERSION = 1.0;
				PRODUCT_BUNDLE_IDENTIFIER = "-.PlateMate";
				PRODUCT_NAME = "$(TARGET_NAME)";
				SWIFT_EMIT_LOC_STRINGS = YES;
				SWIFT_VERSION = 5.0;
				TARGETED_DEVICE_FAMILY = "1,2";
			};
			name = Release;
		};
		3F3551DA298E3C88005CA260 /* Debug */ = {
			isa = XCBuildConfiguration;
			buildSettings = {
				ALWAYS_EMBED_SWIFT_STANDARD_LIBRARIES = YES;
				BUNDLE_LOADER = "$(TEST_HOST)";
				CODE_SIGN_STYLE = Automatic;
				CURRENT_PROJECT_VERSION = 1;
				GENERATE_INFOPLIST_FILE = YES;
				IPHONEOS_DEPLOYMENT_TARGET = 15.4;
				MARKETING_VERSION = 1.0;
				PRODUCT_BUNDLE_IDENTIFIER = "-.PlateMateTests";
				PRODUCT_NAME = "$(TARGET_NAME)";
				SWIFT_EMIT_LOC_STRINGS = NO;
				SWIFT_VERSION = 5.0;
				TARGETED_DEVICE_FAMILY = "1,2";
				TEST_HOST = "$(BUILT_PRODUCTS_DIR)/PlateMate.app/PlateMate";
			};
			name = Debug;
		};
		3F3551DB298E3C88005CA260 /* Release */ = {
			isa = XCBuildConfiguration;
			buildSettings = {
				ALWAYS_EMBED_SWIFT_STANDARD_LIBRARIES = YES;
				BUNDLE_LOADER = "$(TEST_HOST)";
				CODE_SIGN_STYLE = Automatic;
				CURRENT_PROJECT_VERSION = 1;
				GENERATE_INFOPLIST_FILE = YES;
				IPHONEOS_DEPLOYMENT_TARGET = 15.4;
				MARKETING_VERSION = 1.0;
				PRODUCT_BUNDLE_IDENTIFIER = "-.PlateMateTests";
				PRODUCT_NAME = "$(TARGET_NAME)";
				SWIFT_EMIT_LOC_STRINGS = NO;
				SWIFT_VERSION = 5.0;
				TARGETED_DEVICE_FAMILY = "1,2";
				TEST_HOST = "$(BUILT_PRODUCTS_DIR)/PlateMate.app/PlateMate";
			};
			name = Release;
		};
		3F3551DD298E3C88005CA260 /* Debug */ = {
			isa = XCBuildConfiguration;
			buildSettings = {
				ALWAYS_EMBED_SWIFT_STANDARD_LIBRARIES = YES;
				CODE_SIGN_STYLE = Automatic;
				CURRENT_PROJECT_VERSION = 1;
				GENERATE_INFOPLIST_FILE = YES;
				MARKETING_VERSION = 1.0;
				PRODUCT_BUNDLE_IDENTIFIER = "-.PlateMateUITests";
				PRODUCT_NAME = "$(TARGET_NAME)";
				SWIFT_EMIT_LOC_STRINGS = NO;
				SWIFT_VERSION = 5.0;
				TARGETED_DEVICE_FAMILY = "1,2";
				TEST_TARGET_NAME = PlateMate;
			};
			name = Debug;
		};
		3F3551DE298E3C88005CA260 /* Release */ = {
			isa = XCBuildConfiguration;
			buildSettings = {
				ALWAYS_EMBED_SWIFT_STANDARD_LIBRARIES = YES;
				CODE_SIGN_STYLE = Automatic;
				CURRENT_PROJECT_VERSION = 1;
				GENERATE_INFOPLIST_FILE = YES;
				MARKETING_VERSION = 1.0;
				PRODUCT_BUNDLE_IDENTIFIER = "-.PlateMateUITests";
				PRODUCT_NAME = "$(TARGET_NAME)";
				SWIFT_EMIT_LOC_STRINGS = NO;
				SWIFT_VERSION = 5.0;
				TARGETED_DEVICE_FAMILY = "1,2";
				TEST_TARGET_NAME = PlateMate;
			};
			name = Release;
		};
/* End XCBuildConfiguration section */

/* Begin XCConfigurationList section */
		3F3551A7298E3C85005CA260 /* Build configuration list for PBXProject "PlateMate" */ = {
			isa = XCConfigurationList;
			buildConfigurations = (
				3F3551D4298E3C88005CA260 /* Debug */,
				3F3551D5298E3C88005CA260 /* Release */,
			);
			defaultConfigurationIsVisible = 0;
			defaultConfigurationName = Release;
		};
		3F3551D6298E3C88005CA260 /* Build configuration list for PBXNativeTarget "PlateMate" */ = {
			isa = XCConfigurationList;
			buildConfigurations = (
				3F3551D7298E3C88005CA260 /* Debug */,
				3F3551D8298E3C88005CA260 /* Release */,
			);
			defaultConfigurationIsVisible = 0;
			defaultConfigurationName = Release;
		};
		3F3551D9298E3C88005CA260 /* Build configuration list for PBXNativeTarget "PlateMateTests" */ = {
			isa = XCConfigurationList;
			buildConfigurations = (
				3F3551DA298E3C88005CA260 /* Debug */,
				3F3551DB298E3C88005CA260 /* Release */,
			);
			defaultConfigurationIsVisible = 0;
			defaultConfigurationName = Release;
		};
		3F3551DC298E3C88005CA260 /* Build configuration list for PBXNativeTarget "PlateMateUITests" */ = {
			isa = XCConfigurationList;
			buildConfigurations = (
				3F3551DD298E3C88005CA260 /* Debug */,
				3F3551DE298E3C88005CA260 /* Release */,
			);
			defaultConfigurationIsVisible = 0;
			defaultConfigurationName = Release;
		};
/* End XCConfigurationList section */
	};
	rootObject = 3F3551A4298E3C85005CA260 /* Project object */;
}
